{
    "version": 3,
    "terraform_version": "0.11.7",
    "serial": 2,
    "lineage": "eb754cbf-137e-963b-7ac5-df34fdd14370",
    "modules": [
        {
            "path": [
                "root"
            ],
            "outputs": {},
            "resources": {
                "aws_internet_gateway.DemoInternetGateway": {
                    "type": "aws_internet_gateway",
                    "depends_on": [
                        "aws_vpc.Demoterraform"
                    ],
                    "primary": {
                        "id": "igw-473f623f",
                        "attributes": {
                            "id": "igw-473f623f",
                            "tags.%": "1",
                            "tags.Name": "DemoInternetGateway",
                            "vpc_id": "vpc-ecf9eb97"
                        },
                        "meta": {},
                        "tainted": false
                    },
                    "deposed": [],
                    "provider": "provider.aws"
                },
                "aws_route_table.PublicRouteA": {
                    "type": "aws_route_table",
                    "depends_on": [
                        "aws_internet_gateway.DemoInternetGateway",
                        "aws_vpc.Demoterraform"
                    ],
                    "primary": {
                        "id": "rtb-d3b07eac",
                        "attributes": {
                            "id": "rtb-d3b07eac",
                            "propagating_vgws.#": "0",
                            "route.#": "0",
                            "tags.%": "1",
                            "tags.Name": "Public",
                            "vpc_id": "vpc-ecf9eb97"
                        },
                        "meta": {},
                        "tainted": false
                    },
                    "deposed": [],
                    "provider": "provider.aws"
                },
                "aws_route_table.PublicRouteB": {
                    "type": "aws_route_table",
                    "depends_on": [
                        "aws_internet_gateway.DemoInternetGateway",
                        "aws_vpc.Demoterraform"
                    ],
                    "primary": {
                        "id": "rtb-a0b37ddf",
                        "attributes": {
                            "id": "rtb-a0b37ddf",
                            "propagating_vgws.#": "0",
                            "route.#": "0",
                            "tags.%": "1",
                            "tags.Name": "Private",
                            "vpc_id": "vpc-ecf9eb97"
                        },
                        "meta": {},
                        "tainted": false
                    },
                    "deposed": [],
                    "provider": "provider.aws"
                },
                "aws_subnet.PrivateSubnetA": {
                    "type": "aws_subnet",
                    "depends_on": [
                        "aws_vpc.Demoterraform"
                    ],
                    "primary": {
                        "id": "subnet-4d0f9042",
                        "attributes": {
                            "assign_ipv6_address_on_creation": "false",
                            "availability_zone": "us-east-1f",
                            "cidr_block": "10.0.1.0/24",
                            "id": "subnet-4d0f9042",
                            "map_public_ip_on_launch": "false",
                            "tags.%": "1",
                            "tags.Name": "PrivateSubnet1a",
                            "vpc_id": "vpc-ecf9eb97"
                        },
                        "meta": {
                            "schema_version": "1"
                        },
                        "tainted": false
                    },
                    "deposed": [],
                    "provider": "provider.aws"
                },
                "aws_subnet.PrivateSubnetB": {
                    "type": "aws_subnet",
                    "depends_on": [
                        "aws_vpc.Demoterraform"
                    ],
                    "primary": {
                        "id": "subnet-2520f30b",
                        "attributes": {
                            "assign_ipv6_address_on_creation": "false",
                            "availability_zone": "us-east-1d",
                            "cidr_block": "10.0.2.0/24",
                            "id": "subnet-2520f30b",
                            "map_public_ip_on_launch": "false",
                            "tags.%": "1",
                            "tags.Name": "PrivateSubnet1b",
                            "vpc_id": "vpc-ecf9eb97"
                        },
                        "meta": {
                            "schema_version": "1"
                        },
                        "tainted": false
                    },
                    "deposed": [],
                    "provider": "provider.aws"
                },
                "aws_subnet.PublicSubnetA": {
                    "type": "aws_subnet",
                    "depends_on": [
                        "aws_vpc.Demoterraform"
                    ],
                    "primary": {
                        "id": "subnet-340d923b",
                        "attributes": {
                            "assign_ipv6_address_on_creation": "false",
                            "availability_zone": "us-east-1f",
                            "cidr_block": "10.0.3.0/24",
                            "id": "subnet-340d923b",
                            "map_public_ip_on_launch": "false",
                            "tags.%": "1",
                            "tags.Name": "PublicSubnet1a",
                            "vpc_id": "vpc-ecf9eb97"
                        },
                        "meta": {
                            "schema_version": "1"
                        },
                        "tainted": false
                    },
                    "deposed": [],
                    "provider": "provider.aws"
                },
                "aws_subnet.PublicSubnetB": {
                    "type": "aws_subnet",
                    "depends_on": [
                        "aws_vpc.Demoterraform"
                    ],
                    "primary": {
                        "id": "subnet-1103d24d",
                        "attributes": {
                            "assign_ipv6_address_on_creation": "false",
                            "availability_zone": "us-east-1b",
                            "cidr_block": "10.0.4.0/24",
                            "id": "subnet-1103d24d",
                            "map_public_ip_on_launch": "false",
                            "tags.%": "1",
                            "tags.Name": "PublicSubnet1b",
                            "vpc_id": "vpc-ecf9eb97"
                        },
                        "meta": {
                            "schema_version": "1"
                        },
                        "tainted": false
                    },
                    "deposed": [],
                    "provider": "provider.aws"
                },
                "aws_vpc.Demoterraform": {
                    "type": "aws_vpc",
                    "depends_on": [],
                    "primary": {
                        "id": "vpc-ecf9eb97",
                        "attributes": {
                            "assign_generated_ipv6_cidr_block": "false",
                            "cidr_block": "10.0.0.0/16",
                            "default_network_acl_id": "acl-d9f488a3",
                            "default_route_table_id": "rtb-d0b27caf",
                            "default_security_group_id": "sg-92c72ed9",
                            "dhcp_options_id": "dopt-be31d1db",
                            "enable_classiclink": "false",
                            "enable_classiclink_dns_support": "false",
                            "enable_dns_hostnames": "true",
                            "enable_dns_support": "true",
                            "id": "vpc-ecf9eb97",
                            "instance_tenancy": "default",
                            "main_route_table_id": "rtb-d0b27caf",
                            "tags.%": "1",
                            "tags.Name": "Demoterraform"
                        },
                        "meta": {
                            "schema_version": "1"
                        },
                        "tainted": false
                    },
                    "deposed": [],
                    "provider": "provider.aws"
                }
            },
            "depends_on": []
        }
    ]
}
